
Microsoft Visual Studio Solution File, Format Version 12.00
# Visual Studio 15
VisualStudioVersion = 15.0.27130.2024
MinimumVisualStudioVersion = 10.0.40219.1
Project("{FAE04EC0-301F-11D3-BF4B-00C04F79EFBC}") = "ConsoleApp1", "ConsoleApp1\ConsoleApp1.csproj", "{BCB93B20-20B4-464E-AF3A-1B6E11261C10}"
EndProject
Global
	GlobalSection(SolutionConfigurationPlatforms) = preSolution
		Debug|Any CPU = Debug|Any CPU
		Release|Any CPU = Release|Any CPU
	EndGlobalSection
	GlobalSection(ProjectConfigurationPlatforms) = postSolution
		{BCB93B20-20B4-464E-AF3A-1B6E11261C10}.Debug|Any CPU.ActiveCfg = Debug|Any CPU
		{BCB93B20-20B4-464E-AF3A-1B6E11261C10}.Debug|Any CPU.Build.0 = Debug|Any CPU
		{BCB93B20-20B4-464E-AF3A-1B6E11261C10}.Release|Any CPU.ActiveCfg = Release|Any CPU
		{BCB93B20-20B4-464E-AF3A-1B6E11261C10}.Release|Any CPU.Build.0 = Release|Any CPU
	EndGlobalSection
	GlobalSection(SolutionProperties) = preSolution
		HideSolutionNode = FALSE
	EndGlobalSection
	GlobalSection(ExtensibilityGlobals) = postSolution
		SolutionGuid = {488D5EBC-8DBF-4FB7-B11A-C14D82FC53EF}
	EndGlobalSection
EndGlobal
